
Microsoft Visual Studio Solution File, Format Version 12.00
# Visual Studio Version 16
VisualStudioVersion = 16.0.32510.428
MinimumVisualStudioVersion = 10.0.40219.1
Project("{FAE04EC0-301F-11D3-BF4B-00C04F79EFBC}") = "EmguCVIntro", "WinFormsApp1\EmguCVIntro.csproj", "{EEC90DF0-7350-4260-AD89-60E2672D3D1A}"
EndProject
Global
	GlobalSection(SolutionConfigurationPlatforms) = preSolution
		Debug|Any CPU = Debug|Any CPU
		Release|Any CPU = Release|Any CPU
	EndGlobalSection
	GlobalSection(ProjectConfigurationPlatforms) = postSolution
		{EEC90DF0-7350-4260-AD89-60E2672D3D1A}.Debug|Any CPU.ActiveCfg = Debug|Any CPU
		{EEC90DF0-7350-4260-AD89-60E2672D3D1A}.Debug|Any CPU.Build.0 = Debug|Any CPU
		{EEC90DF0-7350-4260-AD89-60E2672D3D1A}.Release|Any CPU.ActiveCfg = Release|Any CPU
		{EEC90DF0-7350-4260-AD89-60E2672D3D1A}.Release|Any CPU.Build.0 = Release|Any CPU
	EndGlobalSection
	GlobalSection(SolutionProperties) = preSolution
		HideSolutionNode = FALSE
	EndGlobalSection
	GlobalSection(ExtensibilityGlobals) = postSolution
		SolutionGuid = {14921552-FCF3-4E06-A156-0E43F82DAED4}
	EndGlobalSection
EndGlobal
